
Microsoft Visual Studio Solution File, Format Version 12.00
# Visual Studio Version 17
VisualStudioVersion = 17.3.32929.385
MinimumVisualStudioVersion = 10.0.40219.1
Project("{FAE04EC0-301F-11D3-BF4B-00C04F79EFBC}") = "CountingSheep", "CountingSheep\CountingSheep.csproj", "{C019EC3B-214A-4E9B-9641-4A884D3DC394}"
EndProject
Project("{FAE04EC0-301F-11D3-BF4B-00C04F79EFBC}") = "CountSheepsTests", "CountSheepsTests\CountSheepsTests.csproj", "{ECDD48AF-91AF-4069-8EE8-EF0B5937BCA9}"
EndProject
Global
	GlobalSection(SolutionConfigurationPlatforms) = preSolution
		Debug|Any CPU = Debug|Any CPU
		Release|Any CPU = Release|Any CPU
	EndGlobalSection
	GlobalSection(ProjectConfigurationPlatforms) = postSolution
		{C019EC3B-214A-4E9B-9641-4A884D3DC394}.Debug|Any CPU.ActiveCfg = Debug|Any CPU
		{C019EC3B-214A-4E9B-9641-4A884D3DC394}.Debug|Any CPU.Build.0 = Debug|Any CPU
		{C019EC3B-214A-4E9B-9641-4A884D3DC394}.Release|Any CPU.ActiveCfg = Release|Any CPU
		{C019EC3B-214A-4E9B-9641-4A884D3DC394}.Release|Any CPU.Build.0 = Release|Any CPU
		{ECDD48AF-91AF-4069-8EE8-EF0B5937BCA9}.Debug|Any CPU.ActiveCfg = Debug|Any CPU
		{ECDD48AF-91AF-4069-8EE8-EF0B5937BCA9}.Debug|Any CPU.Build.0 = Debug|Any CPU
		{ECDD48AF-91AF-4069-8EE8-EF0B5937BCA9}.Release|Any CPU.ActiveCfg = Release|Any CPU
		{ECDD48AF-91AF-4069-8EE8-EF0B5937BCA9}.Release|Any CPU.Build.0 = Release|Any CPU
	EndGlobalSection
	GlobalSection(SolutionProperties) = preSolution
		HideSolutionNode = FALSE
	EndGlobalSection
	GlobalSection(ExtensibilityGlobals) = postSolution
		SolutionGuid = {90703264-6C94-4BDB-B1D1-4757B76C1F1E}
	EndGlobalSection
EndGlobal
